// !$*UTF8*$!
{
	archiveVersion = 1;
	classes = {
	};
	objectVersion = 46;
	objects = {

/* Begin PBXBuildFile section */
		428542261B26035900CE372D /* AppDelegate.swift in Sources */ = {isa = PBXBuildFile; fileRef = 428542251B26035900CE372D /* AppDelegate.swift */; };
		428542281B26035900CE372D /* ViewController.swift in Sources */ = {isa = PBXBuildFile; fileRef = 428542271B26035900CE372D /* ViewController.swift */; };
		4285422B1B26035900CE372D /* Main.storyboard in Resources */ = {isa = PBXBuildFile; fileRef = 428542291B26035900CE372D /* Main.storyboard */; };
		4285422D1B26035900CE372D /* Images.xcassets in Resources */ = {isa = PBXBuildFile; fileRef = 4285422C1B26035900CE372D /* Images.xcassets */; };
		428542301B26035900CE372D /* LaunchScreen.xib in Resources */ = {isa = PBXBuildFile; fileRef = 4285422E1B26035900CE372D /* LaunchScreen.xib */; };
		4285423C1B26035900CE372D /* DropitTests.swift in Sources */ = {isa = PBXBuildFile; fileRef = 4285423B1B26035900CE372D /* DropitTests.swift */; };
/* End PBXBuildFile section */

/* Begin PBXContainerItemProxy section */
		428542361B26035900CE372D /* PBXContainerItemProxy */ = {
			isa = PBXContainerItemProxy;
			containerPortal = 428542181B26035900CE372D /* Project object */;
			proxyType = 1;
			remoteGlobalIDString = 4285421F1B26035900CE372D;
			remoteInfo = Dropit;
		};
/* End PBXContainerItemProxy section */

/* Begin PBXFileReference section */
		428542201B26035900CE372D /* Dropit.app */ = {isa = PBXFileReference; explicitFileType = wrapper.application; includeInIndex = 0; path = Dropit.app; sourceTree = BUILT_PRODUCTS_DIR; };
		428542241B26035900CE372D /* Info.plist */ = {isa = PBXFileReference; lastKnownFileType = text.plist.xml; path = Info.plist; sourceTree = "<group>"; };
		428542251B26035900CE372D /* AppDelegate.swift */ = {isa = PBXFileReference; lastKnownFileType = sourcecode.swift; path = AppDelegate.swift; sourceTree = "<group>"; };
		428542271B26035900CE372D /* ViewController.swift */ = {isa = PBXFileReference; lastKnownFileType = sourcecode.swift; path = ViewController.swift; sourceTree = "<group>"; };
		4285422A1B26035900CE372D /* Base */ = {isa = PBXFileReference; lastKnownFileType = file.storyboard; name = Base; path = Base.lproj/Main.storyboard; sourceTree = "<group>"; };
		4285422C1B26035900CE372D /* Images.xcassets */ = {isa = PBXFileReference; lastKnownFileType = folder.assetcatalog; path = Images.xcassets; sourceTree = "<group>"; };
		4285422F1B26035900CE372D /* Base */ = {isa = PBXFileReference; lastKnownFileType = file.xib; name = Base; path = Base.lproj/LaunchScreen.xib; sourceTree = "<group>"; };
		428542351B26035900CE372D /* DropitTests.xctest */ = {isa = PBXFileReference; explicitFileType = wrapper.cfbundle; includeInIndex = 0; path = DropitTests.xctest; sourceTree = BUILT_PRODUCTS_DIR; };
		4285423A1B26035900CE372D /* Info.plist */ = {isa = PBXFileReference; lastKnownFileType = text.plist.xml; path = Info.plist; sourceTree = "<group>"; };
		4285423B1B26035900CE372D /* DropitTests.swift */ = {isa = PBXFileReference; lastKnownFileType = sourcecode.swift; path = DropitTests.swift; sourceTree = "<group>"; };
/* End PBXFileReference section */

/* Begin PBXFrameworksBuildPhase section */
		4285421D1B26035900CE372D /* Frameworks */ = {
			isa = PBXFrameworksBuildPhase;
			buildActionMask = 2147483647;
			files = (
			);
			runOnlyForDeploymentPostprocessing = 0;
		};
		428542321B26035900CE372D /* Frameworks */ = {
			isa = PBXFrameworksBuildPhase;
			buildActionMask = 2147483647;
			files = (
			);
			runOnlyForDeploymentPostprocessing = 0;
		};
/* End PBXFrameworksBuildPhase section */

/* Begin PBXGroup section */
		428542171B26035900CE372D = {
			isa = PBXGroup;
			children = (
				428542221B26035900CE372D /* Dropit */,
				428542381B26035900CE372D /* DropitTests */,
				428542211B26035900CE372D /* Products */,
			);
			sourceTree = "<group>";
		};
		428542211B26035900CE372D /* Products */ = {
			isa = PBXGroup;
			children = (
				428542201B26035900CE372D /* Dropit.app */,
				428542351B26035900CE372D /* DropitTests.xctest */,
			);
			name = Products;
			sourceTree = "<group>";
		};
		428542221B26035900CE372D /* Dropit */ = {
			isa = PBXGroup;
			children = (
				428542251B26035900CE372D /* AppDelegate.swift */,
				428542271B26035900CE372D /* ViewController.swift */,
				428542291B26035900CE372D /* Main.storyboard */,
				4285422C1B26035900CE372D /* Images.xcassets */,
				4285422E1B26035900CE372D /* LaunchScreen.xib */,
				428542231B26035900CE372D /* Supporting Files */,
			);
			path = Dropit;
			sourceTree = "<group>";
		};
		428542231B26035900CE372D /* Supporting Files */ = {
			isa = PBXGroup;
			children = (
				428542241B26035900CE372D /* Info.plist */,
			);
			name = "Supporting Files";
			sourceTree = "<group>";
		};
		428542381B26035900CE372D /* DropitTests */ = {
			isa = PBXGroup;
			children = (
				4285423B1B26035900CE372D /* DropitTests.swift */,
				428542391B26035900CE372D /* Supporting Files */,
			);
			path = DropitTests;
			sourceTree = "<group>";
		};
		428542391B26035900CE372D /* Supporting Files */ = {
			isa = PBXGroup;
			children = (
				4285423A1B26035900CE372D /* Info.plist */,
			);
			name = "Supporting Files";
			sourceTree = "<group>";
		};
/* End PBXGroup section */

/* Begin PBXNativeTarget section */
		4285421F1B26035900CE372D /* Dropit */ = {
			isa = PBXNativeTarget;
			buildConfigurationList = 4285423F1B26035900CE372D /* Build configuration list for PBXNativeTarget "Dropit" */;
			buildPhases = (
				4285421C1B26035900CE372D /* Sources */,
				4285421D1B26035900CE372D /* Frameworks */,
				4285421E1B26035900CE372D /* Resources */,
			);
			buildRules = (
			);
			dependencies = (
			);
			name = Dropit;
			productName = Dropit;
			productReference = 428542201B26035900CE372D /* Dropit.app */;
			productType = "com.apple.product-type.application";
		};
		428542341B26035900CE372D /* DropitTests */ = {
			isa = PBXNativeTarget;
			buildConfigurationList = 428542421B26035900CE372D /* Build configuration list for PBXNativeTarget "DropitTests" */;
			buildPhases = (
				428542311B26035900CE372D /* Sources */,
				428542321B26035900CE372D /* Frameworks */,
				428542331B26035900CE372D /* Resources */,
			);
			buildRules = (
			);
			dependencies = (
				428542371B26035900CE372D /* PBXTargetDependency */,
			);
			name = DropitTests;
			productName = DropitTests;
			productReference = 428542351B26035900CE372D /* DropitTests.xctest */;
			productType = "com.apple.product-type.bundle.unit-test";
		};
/* End PBXNativeTarget section */

/* Begin PBXProject section */
		428542181B26035900CE372D /* Project object */ = {
			isa = PBXProject;
			attributes = {
				LastUpgradeCheck = 0630;
				ORGANIZATIONNAME = "Omar Faruqe";
				TargetAttributes = {
					4285421F1B26035900CE372D = {
						CreatedOnToolsVersion = 6.3.2;
					};
					428542341B26035900CE372D = {
						CreatedOnToolsVersion = 6.3.2;
						TestTargetID = 4285421F1B26035900CE372D;
					};
				};
			};
			buildConfigurationList = 4285421B1B26035900CE372D /* Build configuration list for PBXProject "Dropit" */;
			compatibilityVersion = "Xcode 3.2";
			developmentRegion = English;
			hasScannedForEncodings = 0;
			knownRegions = (
				en,
				Base,
			);
			mainGroup = 428542171B26035900CE372D;
			productRefGroup = 428542211B26035900CE372D /* Products */;
			projectDirPath = "";
			projectRoot = "";
			targets = (
				4285421F1B26035900CE372D /* Dropit */,
				428542341B26035900CE372D /* DropitTests */,
			);
		};
/* End PBXProject section */

/* Begin PBXResourcesBuildPhase section */
		4285421E1B26035900CE372D /* Resources */ = {
			isa = PBXResourcesBuildPhase;
			buildActionMask = 2147483647;
			files = (
				4285422B1B26035900CE372D /* Main.storyboard in Resources */,
				428542301B26035900CE372D /* LaunchScreen.xib in Resources */,
				4285422D1B26035900CE372D /* Images.xcassets in Resources */,
			);
			runOnlyForDeploymentPostprocessing = 0;
		};
		428542331B26035900CE372D /* Resources */ = {
			isa = PBXResourcesBuildPhase;
			buildActionMask = 2147483647;
			files = (
			);
			runOnlyForDeploymentPostprocessing = 0;
		};
/* End PBXResourcesBuildPhase section */

/* Begin PBXSourcesBuildPhase section */
		4285421C1B26035900CE372D /* Sources */ = {
			isa = PBXSourcesBuildPhase;
			buildActionMask = 2147483647;
			files = (
				428542281B26035900CE372D /* ViewController.swift in Sources */,
				428542261B26035900CE372D /* AppDelegate.swift in Sources */,
			);
			runOnlyForDeploymentPostprocessing = 0;
		};
		428542311B26035900CE372D /* Sources */ = {
			isa = PBXSourcesBuildPhase;
			buildActionMask = 2147483647;
			files = (
				4285423C1B26035900CE372D /* DropitTests.swift in Sources */,
			);
			runOnlyForDeploymentPostprocessing = 0;
		};
/* End PBXSourcesBuildPhase section */

/* Begin PBXTargetDependency section */
		428542371B26035900CE372D /* PBXTargetDependency */ = {
			isa = PBXTargetDependency;
			target = 4285421F1B26035900CE372D /* Dropit */;
			targetProxy = 428542361B26035900CE372D /* PBXContainerItemProxy */;
		};
/* End PBXTargetDependency section */

/* Begin PBXVariantGroup section */
		428542291B26035900CE372D /* Main.storyboard */ = {
			isa = PBXVariantGroup;
			children = (
				4285422A1B26035900CE372D /* Base */,
			);
			name = Main.storyboard;
			sourceTree = "<group>";
		};
		4285422E1B26035900CE372D /* LaunchScreen.xib */ = {
			isa = PBXVariantGroup;
			children = (
				4285422F1B26035900CE372D /* Base */,
			);
			name = LaunchScreen.xib;
			sourceTree = "<group>";
		};
/* End PBXVariantGroup section */

/* Begin XCBuildConfiguration section */
		4285423D1B26035900CE372D /* Debug */ = {
			isa = XCBuildConfiguration;
			buildSettings = {
				ALWAYS_SEARCH_USER_PATHS = NO;
				CLANG_CXX_LANGUAGE_STANDARD = "gnu++0x";
				CLANG_CXX_LIBRARY = "libc++";
				CLANG_ENABLE_MODULES = YES;
				CLANG_ENABLE_OBJC_ARC = YES;
				CLANG_WARN_BOOL_CONVERSION = YES;
				CLANG_WARN_CONSTANT_CONVERSION = YES;
				CLANG_WARN_DIRECT_OBJC_ISA_USAGE = YES_ERROR;
				CLANG_WARN_EMPTY_BODY = YES;
				CLANG_WARN_ENUM_CONVERSION = YES;
				CLANG_WARN_INT_CONVERSION = YES;
				CLANG_WARN_OBJC_ROOT_CLASS = YES_ERROR;
				CLANG_WARN_UNREACHABLE_CODE = YES;
				CLANG_WARN__DUPLICATE_METHOD_MATCH = YES;
				"CODE_SIGN_IDENTITY[sdk=iphoneos*]" = "iPhone Developer";
				COPY_PHASE_STRIP = NO;
				DEBUG_INFORMATION_FORMAT = "dwarf-with-dsym";
				ENABLE_STRICT_OBJC_MSGSEND = YES;
				GCC_C_LANGUAGE_STANDARD = gnu99;
				GCC_DYNAMIC_NO_PIC = NO;
				GCC_NO_COMMON_BLOCKS = YES;
				GCC_OPTIMIZATION_LEVEL = 0;
				GCC_PREPROCESSOR_DEFINITIONS = (
					"DEBUG=1",
					"$(inherited)",
				);
				GCC_SYMBOLS_PRIVATE_EXTERN = NO;
				GCC_WARN_64_TO_32_BIT_CONVERSION = YES;
				GCC_WARN_ABOUT_RETURN_TYPE = YES_ERROR;
				GCC_WARN_UNDECLARED_SELECTOR = YES;
				GCC_WARN_UNINITIALIZED_AUTOS = YES_AGGRESSIVE;
				GCC_WARN_UNUSED_FUNCTION = YES;
				GCC_WARN_UNUSED_VARIABLE = YES;
				IPHONEOS_DEPLOYMENT_TARGET = 8.3;
				MTL_ENABLE_DEBUG_INFO = YES;
				ONLY_ACTIVE_ARCH = YES;
				SDKROOT = iphoneos;
				SWIFT_OPTIMIZATION_LEVEL = "-Onone";
				TARGETED_DEVICE_FAMILY = "1,2";
			};
			name = Debug;
		};
		4285423E1B26035900CE372D /* Release */ = {
			isa = XCBuildConfiguration;
			buildSettings = {
				ALWAYS_SEARCH_USER_PATHS = NO;
				CLANG_CXX_LANGUAGE_STANDARD = "gnu++0x";
				CLANG_CXX_LIBRARY = "libc++";
				CLANG_ENABLE_MODULES = YES;
				CLANG_ENABLE_OBJC_ARC = YES;
				CLANG_WARN_BOOL_CONVERSION = YES;
				CLANG_WARN_CONSTANT_CONVERSION = YES;
				CLANG_WARN_DIRECT_OBJC_ISA_USAGE = YES_ERROR;
				CLANG_WARN_EMPTY_BODY = YES;
				CLANG_WARN_ENUM_CONVERSION = YES;
				CLANG_WARN_INT_CONVERSION = YES;
				CLANG_WARN_OBJC_ROOT_CLASS = YES_ERROR;
				CLANG_WARN_UNREACHABLE_CODE = YES;
				CLANG_WARN__DUPLICATE_METHOD_MATCH = YES;
				"CODE_SIGN_IDENTITY[sdk=iphoneos*]" = "iPhone Developer";
				COPY_PHASE_STRIP = NO;
				DEBUG_INFORMATION_FORMAT = "dwarf-with-dsym";
				ENABLE_NS_ASSERTIONS = NO;
				ENABLE_STRICT_OBJC_MSGSEND = YES;
				GCC_C_LANGUAGE_STANDARD = gnu99;
				GCC_NO_COMMON_BLOCKS = YES;
				GCC_WARN_64_TO_32_BIT_CONVERSION = YES;
				GCC_WARN_ABOUT_RETURN_TYPE = YES_ERROR;
				GCC_WARN_UNDECLARED_SELECTOR = YES;
				GCC_WARN_UNINITIALIZED_AUTOS = YES_AGGRESSIVE;
				GCC_WARN_UNUSED_FUNCTION = YES;
				GCC_WARN_UNUSED_VARIABLE = YES;
				IPHONEOS_DEPLOYMENT_TARGET = 8.3;
				MTL_ENABLE_DEBUG_INFO = NO;
				SDKROOT = iphoneos;
				TARGETED_DEVICE_FAMILY = "1,2";
				VALIDATE_PRODUCT = YES;
			};
			name = Release;
		};
		428542401B26035900CE372D /* Debug */ = {
			isa = XCBuildConfiguration;
			buildSettings = {
				ASSETCATALOG_COMPILER_APPICON_NAME = AppIcon;
				INFOPLIST_FILE = Dropit/Info.plist;
				LD_RUNPATH_SEARCH_PATHS = "$(inherited) @executable_path/Frameworks";
				PRODUCT_NAME = "$(TARGET_NAME)";
			};
			name = Debug;
		};
		428542411B26035900CE372D /* Release */ = {
			isa = XCBuildConfiguration;
			buildSettings = {
				ASSETCATALOG_COMPILER_APPICON_NAME = AppIcon;
				INFOPLIST_FILE = Dropit/Info.plist;
				LD_RUNPATH_SEARCH_PATHS = "$(inherited) @executable_path/Frameworks";
				PRODUCT_NAME = "$(TARGET_NAME)";
			};
			name = Release;
		};
		428542431B26035900CE372D /* Debug */ = {
			isa = XCBuildConfiguration;
			buildSettings = {
				BUNDLE_LOADER = "$(TEST_HOST)";
				FRAMEWORK_SEARCH_PATHS = (
					"$(SDKROOT)/Developer/Library/Frameworks",
					"$(inherited)",
				);
				GCC_PREPROCESSOR_DEFINITIONS = (
					"DEBUG=1",
					"$(inherited)",
				);
				INFOPLIST_FILE = DropitTests/Info.plist;
				LD_RUNPATH_SEARCH_PATHS = "$(inherited) @executable_path/Frameworks @loader_path/Frameworks";
				PRODUCT_NAME = "$(TARGET_NAME)";
				TEST_HOST = "$(BUILT_PRODUCTS_DIR)/Dropit.app/Dropit";
			};
			name = Debug;
		};
		428542441B26035900CE372D /* Release */ = {
			isa = XCBuildConfiguration;
			buildSettings = {
				BUNDLE_LOADER = "$(TEST_HOST)";
				FRAMEWORK_SEARCH_PATHS = (
					"$(SDKROOT)/Developer/Library/Frameworks",
					"$(inherited)",
				);
				INFOPLIST_FILE = DropitTests/Info.plist;
				LD_RUNPATH_SEARCH_PATHS = "$(inherited) @executable_path/Frameworks @loader_path/Frameworks";
				PRODUCT_NAME = "$(TARGET_NAME)";
				TEST_HOST = "$(BUILT_PRODUCTS_DIR)/Dropit.app/Dropit";
			};
			name = Release;
		};
/* End XCBuildConfiguration section */

/* Begin XCConfigurationList section */
		4285421B1B26035900CE372D /* Build configuration list for PBXProject "Dropit" */ = {
			isa = XCConfigurationList;
			buildConfigurations = (
				4285423D1B26035900CE372D /* Debug */,
				4285423E1B26035900CE372D /* Release */,
			);
			defaultConfigurationIsVisible = 0;
			defaultConfigurationName = Release;
		};
		4285423F1B26035900CE372D /* Build configuration list for PBXNativeTarget "Dropit" */ = {
			isa = XCConfigurationList;
			buildConfigurations = (
				428542401B26035900CE372D /* Debug */,
				428542411B26035900CE372D /* Release */,
			);
			defaultConfigurationIsVisible = 0;
		};
		428542421B26035900CE372D /* Build configuration list for PBXNativeTarget "DropitTests" */ = {
			isa = XCConfigurationList;
			buildConfigurations = (
				428542431B26035900CE372D /* Debug */,
				428542441B26035900CE372D /* Release */,
			);
			defaultConfigurationIsVisible = 0;
		};
/* End XCConfigurationList section */
	};
	rootObject = 428542181B26035900CE372D /* Project object */;
}
